
Microsoft Visual Studio Solution File, Format Version 12.00
# Visual Studio Version 17
VisualStudioVersion = 17.8.34330.188
MinimumVisualStudioVersion = 10.0.40219.1
Project("{FAE04EC0-301F-11D3-BF4B-00C04F79EFBC}") = "Generic_and_Collection", "Generic_and_Collection\Generic_and_Collection.csproj", "{39B5598E-04A0-407E-B4DA-5353ED5C16B3}"
EndProject
Global
	GlobalSection(SolutionConfigurationPlatforms) = preSolution
		Debug|Any CPU = Debug|Any CPU
		Release|Any CPU = Release|Any CPU
	EndGlobalSection
	GlobalSection(ProjectConfigurationPlatforms) = postSolution
		{39B5598E-04A0-407E-B4DA-5353ED5C16B3}.Debug|Any CPU.ActiveCfg = Debug|Any CPU
		{39B5598E-04A0-407E-B4DA-5353ED5C16B3}.Debug|Any CPU.Build.0 = Debug|Any CPU
		{39B5598E-04A0-407E-B4DA-5353ED5C16B3}.Release|Any CPU.ActiveCfg = Release|Any CPU
		{39B5598E-04A0-407E-B4DA-5353ED5C16B3}.Release|Any CPU.Build.0 = Release|Any CPU
	EndGlobalSection
	GlobalSection(SolutionProperties) = preSolution
		HideSolutionNode = FALSE
	EndGlobalSection
	GlobalSection(ExtensibilityGlobals) = postSolution
		SolutionGuid = {A0470BDC-B848-4853-87F6-654BED4B0914}
	EndGlobalSection
EndGlobal
